
Microsoft Visual Studio Solution File, Format Version 12.00
# Visual Studio 15
VisualStudioVersion = 15.0.28307.421
MinimumVisualStudioVersion = 10.0.40219.1
Project("{FAE04EC0-301F-11D3-BF4B-00C04F79EFBC}") = "Chapter5", "Chapter5\Chapter5.csproj", "{8692334E-5F64-4BE4-B690-0BBAE64F8AE5}"
EndProject
Global
	GlobalSection(SolutionConfigurationPlatforms) = preSolution
		Debug|Any CPU = Debug|Any CPU
		Release|Any CPU = Release|Any CPU
	EndGlobalSection
	GlobalSection(ProjectConfigurationPlatforms) = postSolution
		{8692334E-5F64-4BE4-B690-0BBAE64F8AE5}.Debug|Any CPU.ActiveCfg = Debug|Any CPU
		{8692334E-5F64-4BE4-B690-0BBAE64F8AE5}.Debug|Any CPU.Build.0 = Debug|Any CPU
		{8692334E-5F64-4BE4-B690-0BBAE64F8AE5}.Release|Any CPU.ActiveCfg = Release|Any CPU
		{8692334E-5F64-4BE4-B690-0BBAE64F8AE5}.Release|Any CPU.Build.0 = Release|Any CPU
	EndGlobalSection
	GlobalSection(SolutionProperties) = preSolution
		HideSolutionNode = FALSE
	EndGlobalSection
	GlobalSection(ExtensibilityGlobals) = postSolution
		SolutionGuid = {7707E5EF-783A-48B6-94C0-73BDB84AB662}
	EndGlobalSection
EndGlobal
